
Microsoft Visual Studio Solution File, Format Version 12.00
# Visual Studio Version 17
VisualStudioVersion = 17.11.35208.52
MinimumVisualStudioVersion = 10.0.40219.1
Project("{FAE04EC0-301F-11D3-BF4B-00C04F79EFBC}") = "ViaroAPP.Server", "ViaroAPP\Server\ViaroAPP.Server.csproj", "{3F0798DD-04EF-46F4-920F-83B4D405551E}"
EndProject
Project("{FAE04EC0-301F-11D3-BF4B-00C04F79EFBC}") = "ViaroAPP.Client", "ViaroAPP\Client\ViaroAPP.Client.csproj", "{34AC5917-EAE3-4A2F-BACF-ACD9710AFB99}"
EndProject
Project("{FAE04EC0-301F-11D3-BF4B-00C04F79EFBC}") = "ViaroAPP.Shared", "ViaroAPP\Shared\ViaroAPP.Shared.csproj", "{7FEFC267-629A-4AD7-AD71-4BD4D600A1E5}"
EndProject
Global
	GlobalSection(SolutionConfigurationPlatforms) = preSolution
		Debug|Any CPU = Debug|Any CPU
		Release|Any CPU = Release|Any CPU
	EndGlobalSection
	GlobalSection(ProjectConfigurationPlatforms) = postSolution
		{3F0798DD-04EF-46F4-920F-83B4D405551E}.Debug|Any CPU.ActiveCfg = Debug|Any CPU
		{3F0798DD-04EF-46F4-920F-83B4D405551E}.Debug|Any CPU.Build.0 = Debug|Any CPU
		{3F0798DD-04EF-46F4-920F-83B4D405551E}.Release|Any CPU.ActiveCfg = Release|Any CPU
		{3F0798DD-04EF-46F4-920F-83B4D405551E}.Release|Any CPU.Build.0 = Release|Any CPU
		{34AC5917-EAE3-4A2F-BACF-ACD9710AFB99}.Debug|Any CPU.ActiveCfg = Debug|Any CPU
		{34AC5917-EAE3-4A2F-BACF-ACD9710AFB99}.Debug|Any CPU.Build.0 = Debug|Any CPU
		{34AC5917-EAE3-4A2F-BACF-ACD9710AFB99}.Release|Any CPU.ActiveCfg = Release|Any CPU
		{34AC5917-EAE3-4A2F-BACF-ACD9710AFB99}.Release|Any CPU.Build.0 = Release|Any CPU
		{7FEFC267-629A-4AD7-AD71-4BD4D600A1E5}.Debug|Any CPU.ActiveCfg = Debug|Any CPU
		{7FEFC267-629A-4AD7-AD71-4BD4D600A1E5}.Debug|Any CPU.Build.0 = Debug|Any CPU
		{7FEFC267-629A-4AD7-AD71-4BD4D600A1E5}.Release|Any CPU.ActiveCfg = Release|Any CPU
		{7FEFC267-629A-4AD7-AD71-4BD4D600A1E5}.Release|Any CPU.Build.0 = Release|Any CPU
	EndGlobalSection
	GlobalSection(SolutionProperties) = preSolution
		HideSolutionNode = FALSE
	EndGlobalSection
	GlobalSection(ExtensibilityGlobals) = postSolution
		SolutionGuid = {E0DF021E-2EEE-4BCD-85F5-8FE91D383294}
	EndGlobalSection
EndGlobal
